
Microsoft Visual Studio Solution File, Format Version 12.00
# Visual Studio 14
VisualStudioVersion = 14.0.23107.0
MinimumVisualStudioVersion = 10.0.40219.1
Project("{FAE04EC0-301F-11D3-BF4B-00C04F79EFBC}") = "Task2", "Task2\Task2.csproj", "{51A131B8-5254-4459-89DA-6103C48FACCF}"
EndProject
Global
	GlobalSection(SolutionConfigurationPlatforms) = preSolution
		Debug|Any CPU = Debug|Any CPU
		Release|Any CPU = Release|Any CPU
	EndGlobalSection
	GlobalSection(ProjectConfigurationPlatforms) = postSolution
		{51A131B8-5254-4459-89DA-6103C48FACCF}.Debug|Any CPU.ActiveCfg = Debug|Any CPU
		{51A131B8-5254-4459-89DA-6103C48FACCF}.Debug|Any CPU.Build.0 = Debug|Any CPU
		{51A131B8-5254-4459-89DA-6103C48FACCF}.Release|Any CPU.ActiveCfg = Release|Any CPU
		{51A131B8-5254-4459-89DA-6103C48FACCF}.Release|Any CPU.Build.0 = Release|Any CPU
	EndGlobalSection
	GlobalSection(SolutionProperties) = preSolution
		HideSolutionNode = FALSE
	EndGlobalSection
EndGlobal
